{
  "version": 4,
  "terraform_version": "1.9.8",
  "serial": 77,
  "lineage": "72c2212e-3f6b-049b-cd3a-91876b8361a5",
  "outputs": {},
  "resources": [
    {
      "mode": "managed",
      "type": "aws_instance",
      "name": "public_instance",
      "provider": "provider[\"registry.terraform.io/hashicorp/aws\"]",
      "instances": [
        {
          "schema_version": 1,
          "attributes": {
            "ami": "ami-0866a3c8686eaeeba",
            "arn": "arn:aws:ec2:us-east-1:640168430980:instance/i-0cef16fd3d69a7a92",
            "associate_public_ip_address": true,
            "availability_zone": "us-east-1a",
            "capacity_reservation_specification": [
              {
                "capacity_reservation_preference": "open",
                "capacity_reservation_target": []
              }
            ],
            "cpu_core_count": 1,
            "cpu_options": [
              {
                "amd_sev_snp": "",
                "core_count": 1,
                "threads_per_core": 1
              }
            ],
            "cpu_threads_per_core": 1,
            "credit_specification": [
              {
                "cpu_credits": "standard"
              }
            ],
            "disable_api_stop": false,
            "disable_api_termination": false,
            "ebs_block_device": [],
            "ebs_optimized": false,
            "enclave_options": [
              {
                "enabled": false
              }
            ],
            "ephemeral_block_device": [],
            "get_password_data": false,
            "hibernation": false,
            "host_id": "",
            "host_resource_group_arn": null,
            "iam_instance_profile": "",
            "id": "i-0cef16fd3d69a7a92",
            "instance_initiated_shutdown_behavior": "stop",
            "instance_lifecycle": "",
            "instance_market_options": [],
            "instance_state": "running",
            "instance_type": "t2.micro",
            "ipv6_address_count": 0,
            "ipv6_addresses": [],
            "key_name": "terraform-key",
            "launch_template": [],
            "maintenance_options": [
              {
                "auto_recovery": "default"
              }
            ],
            "metadata_options": [
              {
                "http_endpoint": "enabled",
                "http_protocol_ipv6": "disabled",
                "http_put_response_hop_limit": 2,
                "http_tokens": "required",
                "instance_metadata_tags": "disabled"
              }
            ],
            "monitoring": false,
            "network_interface": [],
            "outpost_arn": "",
            "password_data": "",
            "placement_group": "",
            "placement_partition_number": 0,
            "primary_network_interface_id": "eni-0da69a15f5bcdc1dd",
            "private_dns": "ip-10-0-1-95.ec2.internal",
            "private_dns_name_options": [
              {
                "enable_resource_name_dns_a_record": false,
                "enable_resource_name_dns_aaaa_record": false,
                "hostname_type": "ip-name"
              }
            ],
            "private_ip": "10.0.1.95",
            "public_dns": "ec2-54-224-200-253.compute-1.amazonaws.com",
            "public_ip": "54.224.200.253",
            "root_block_device": [
              {
                "delete_on_termination": true,
                "device_name": "/dev/sda1",
                "encrypted": false,
                "iops": 3000,
                "kms_key_id": "",
                "tags": {},
                "tags_all": {},
                "throughput": 125,
                "volume_id": "vol-06b53f7ca0bd7c2f0",
                "volume_size": 8,
                "volume_type": "gp3"
              }
            ],
            "secondary_private_ips": [],
            "security_groups": [],
            "source_dest_check": true,
            "spot_instance_request_id": "",
            "subnet_id": "subnet-0d8bdb2b23b3d08f5",
            "tags": {
              "Name": "PublicInstance"
            },
            "tags_all": {
              "Name": "PublicInstance"
            },
            "tenancy": "default",
            "timeouts": null,
            "user_data": "34b97ee18c9c450acfb5e211151f04d502afb0d1",
            "user_data_base64": null,
            "user_data_replace_on_change": false,
            "volume_tags": null,
            "vpc_security_group_ids": [
              "sg-05890573d98751e66"
            ]
          },
          "sensitive_attributes": [],
          "private": "eyJlMmJmYjczMC1lY2FhLTExZTYtOGY4OC0zNDM2M2JjN2M0YzAiOnsiY3JlYXRlIjo2MDAwMDAwMDAwMDAsImRlbGV0ZSI6MTIwMDAwMDAwMDAwMCwicmVhZCI6OTAwMDAwMDAwMDAwLCJ1cGRhdGUiOjYwMDAwMDAwMDAwMH0sInNjaGVtYV92ZXJzaW9uIjoiMSJ9",
          "dependencies": [
            "aws_key_pair.deployer_key",
            "aws_security_group.web_sg",
            "aws_subnet.public_subnet_1",
            "aws_vpc.tp_cloud_devops_vpc",
            "tls_private_key.example_ssh_key"
          ]
        }
      ]
    },
    {
      "mode": "managed",
      "type": "aws_internet_gateway",
      "name": "main",
      "provider": "provider[\"registry.terraform.io/hashicorp/aws\"]",
      "instances": [
        {
          "schema_version": 0,
          "attributes": {
            "arn": "arn:aws:ec2:us-east-1:640168430980:internet-gateway/igw-05c8bfec12e839c56",
            "id": "igw-05c8bfec12e839c56",
            "owner_id": "640168430980",
            "tags": {
              "Name": "main-igw"
            },
            "tags_all": {
              "Name": "main-igw"
            },
            "timeouts": null,
            "vpc_id": "vpc-0545ebb5f0134ecc5"
          },
          "sensitive_attributes": [],
          "private": "eyJlMmJmYjczMC1lY2FhLTExZTYtOGY4OC0zNDM2M2JjN2M0YzAiOnsiY3JlYXRlIjoxMjAwMDAwMDAwMDAwLCJkZWxldGUiOjEyMDAwMDAwMDAwMDAsInVwZGF0ZSI6MTIwMDAwMDAwMDAwMH19",
          "dependencies": [
            "aws_vpc.tp_cloud_devops_vpc"
          ]
        }
      ]
    },
    {
      "mode": "managed",
      "type": "aws_key_pair",
      "name": "deployer_key",
      "provider": "provider[\"registry.terraform.io/hashicorp/aws\"]",
      "instances": [
        {
          "schema_version": 1,
          "attributes": {
            "arn": "arn:aws:ec2:us-east-1:640168430980:key-pair/terraform-key",
            "fingerprint": "7e:3b:ec:b4:7d:4a:fc:07:b9:5f:e2:28:5e:bd:53:72",
            "id": "terraform-key",
            "key_name": "terraform-key",
            "key_name_prefix": "",
            "key_pair_id": "key-05a7f2b5dd5785ccb",
            "key_type": "rsa",
            "public_key": "ssh-rsa AAAAB3NzaC1yc2EAAAADAQABAAABAQCwXK7zG+KOEqPgdMxS36OTHL6ZTupEw3u0EC+FDdJIpv5f1jP4WcevjkCg9IbWhsEzj+0D2vcZSjQtqkpRuJeDK2V7w23cvQmQE+z8iSsAaSAHLhQCZ3I/JnroqYrbXkiZe6/PzO7C842WSUkp37AzuwXZzTM5v6htSm//1d2vmrbzZKxbrTSHeim2T/o5jwWVn9WC8xz80V12upUMXmlVZUgRTpiGHrzOhwIcNzyW+l6UQCcni4fjvefVuHRRsmEw/mtl+zxWQK4BGSw+1EGDqSSMeLaHAw/3cmmx7NnVXJK/e/zQtxHDrULFgZs62FEU579mfLMO/FBkTO5ZzArN",
            "tags": null,
            "tags_all": {}
          },
          "sensitive_attributes": [],
          "private": "eyJzY2hlbWFfdmVyc2lvbiI6IjEifQ==",
          "dependencies": [
            "tls_private_key.example_ssh_key"
          ]
        }
      ]
    },
    {
      "mode": "managed",
      "type": "aws_route_table",
      "name": "public",
      "provider": "provider[\"registry.terraform.io/hashicorp/aws\"]",
      "instances": [
        {
          "schema_version": 0,
          "attributes": {
            "arn": "arn:aws:ec2:us-east-1:640168430980:route-table/rtb-0f01a8d9853f3d329",
            "id": "rtb-0f01a8d9853f3d329",
            "owner_id": "640168430980",
            "propagating_vgws": [],
            "route": [
              {
                "carrier_gateway_id": "",
                "cidr_block": "0.0.0.0/0",
                "core_network_arn": "",
                "destination_prefix_list_id": "",
                "egress_only_gateway_id": "",
                "gateway_id": "igw-05c8bfec12e839c56",
                "ipv6_cidr_block": "",
                "local_gateway_id": "",
                "nat_gateway_id": "",
                "network_interface_id": "",
                "transit_gateway_id": "",
                "vpc_endpoint_id": "",
                "vpc_peering_connection_id": ""
              }
            ],
            "tags": {
              "Name": "public-rt"
            },
            "tags_all": {
              "Name": "public-rt"
            },
            "timeouts": null,
            "vpc_id": "vpc-0545ebb5f0134ecc5"
          },
          "sensitive_attributes": [],
          "private": "eyJlMmJmYjczMC1lY2FhLTExZTYtOGY4OC0zNDM2M2JjN2M0YzAiOnsiY3JlYXRlIjozMDAwMDAwMDAwMDAsImRlbGV0ZSI6MzAwMDAwMDAwMDAwLCJ1cGRhdGUiOjEyMDAwMDAwMDAwMH19",
          "dependencies": [
            "aws_internet_gateway.main",
            "aws_vpc.tp_cloud_devops_vpc"
          ]
        }
      ]
    },
    {
      "mode": "managed",
      "type": "aws_route_table_association",
      "name": "public_1",
      "provider": "provider[\"registry.terraform.io/hashicorp/aws\"]",
      "instances": [
        {
          "schema_version": 0,
          "attributes": {
            "gateway_id": "",
            "id": "rtbassoc-0ae5f708702dda85a",
            "route_table_id": "rtb-0f01a8d9853f3d329",
            "subnet_id": "subnet-0d8bdb2b23b3d08f5",
            "timeouts": null
          },
          "sensitive_attributes": [],
          "private": "eyJlMmJmYjczMC1lY2FhLTExZTYtOGY4OC0zNDM2M2JjN2M0YzAiOnsiY3JlYXRlIjozMDAwMDAwMDAwMDAsImRlbGV0ZSI6MzAwMDAwMDAwMDAwLCJ1cGRhdGUiOjEyMDAwMDAwMDAwMH19",
          "dependencies": [
            "aws_internet_gateway.main",
            "aws_route_table.public",
            "aws_subnet.public_subnet_1",
            "aws_vpc.tp_cloud_devops_vpc"
          ]
        }
      ]
    },
    {
      "mode": "managed",
      "type": "aws_s3_bucket_object",
      "name": "private_key_object",
      "provider": "provider[\"registry.terraform.io/hashicorp/aws\"]",
      "instances": [
        {
          "schema_version": 0,
          "attributes": {
            "acl": "private",
            "arn": "arn:aws:s3:::custom-terraform-state-bucket-123456-dc5ea108/terraform-key.pem",
            "bucket": "custom-terraform-state-bucket-123456-dc5ea108",
            "bucket_key_enabled": false,
            "cache_control": "",
            "content": "-----BEGIN RSA PRIVATE KEY-----\nMIIEowIBAAKCAQEAsFyu8xvijhKj4HTMUt+jkxy+mU7qRMN7tBAvhQ3SSKb+X9Yz\n+FnHr45AoPSG1obBM4/tA9r3GUo0LapKUbiXgytle8Nt3L0JkBPs/IkrAGkgBy4U\nAmdyPyZ66KmK215ImXuvz8zuwvONlklJKd+wM7sF2c0zOb+obUpv/9Xdr5q282Ss\nW600h3optk/6OY8FlZ/VgvMc/NFddrqVDF5pVWVIEU6Yhh68zocCHDc8lvpelEAn\nJ4uH473n1bh0UbJhMP5rZfs8VkCuARksPtRBg6kkjHi2hwMP93JpsezZ1VySv3v8\n0LcRw61CxYGbOthRFOe/ZnyzDvxQZEzuWcwKzQIDAQABAoIBAD/u+YUsIK88Vqgx\n7zhD1nqoOvg8wXR4IUofa/qiDg9Eaoa3klN/yIH94bP3sUHny/YzQMrbACTs34mG\naDbD4jks7Dc3m4YgCW1vq8PIvgwCEBhKPfq5IZN/EaNyguIPheYODqgYNJ37yOIo\nYxuI+clnDTHtz5opvpcQGxX1o83agELYfXbXla05I928hyWfotsoB2xPZLBJl5KA\nBznocU1itsN3O1ywBkCBZQ97p3dnvdpKQhbi1vlNuziSEvUs7QbEhU072638G8Zi\nxW0YAasgGhSfiR3OzWRfQsrSM839wlX1+l8Nor8llGrD2e+MN3Sa1aNwV/mOum+w\nMCjSoUECgYEAzgv43On9WdBmnRDKyzvfrS+ESmnPagISatcMNRT64KPD+LWmcAjM\n78mSj0O1syuGRXmrnCNLH8sF3omQcbPFuebhzP6ge2zjmvctAek8SATqyhsLcaX0\nE/7PGjI8duXHkUVw4UPzs5enF1C/n9oo3BVqHfve+k8Gb6A8nFvVFXkCgYEA2x5d\n/jdWiv2aULnyLVn6VhsflrBUdRxtL6d3GbZEL7EMTqqeUniVwu2OAGcDPWY0JM40\nHxQlXLHZoMuSPQb2pppqEi0nwUIRejJCabze0yp2JUqYwtP/7dJFUM//XODIDkJf\n7WYZ6tiZG0+Z/3qQ6LHMLhMT3ltVPVfJYJIo7vUCgYEAyZ67cWhh6f3cOztQRVic\nQjpp5+rr9B586SDvKA4Ug7acMAWIDL7/0m/bQucNqHohlGA/hbSfcUfXwW+48Rnp\nlESRlWdfoAboHR5bYzBYNVziZsvaAeZTFTHUdBzOP8YO518c2sEEeisebNkt+Xyf\nWOR3h0mMYkDr2lTgmlveAXkCgYAvrWfeTMQz8gKF1i/v1kg2PCifbTazVMAdQl8T\n5SjpB6kZ5N4WK87KX04qoD+AOKDX8VY9/PA0Py6PYjwrszwv/CFgWxrvXiTXZeA1\nibciU3bpnlWm7uIdKUeT0e5Kk050a9Tbnv+8reyCmMt1X4HwX9+Blv0XwN/HPTbA\nII1vkQKBgAe6cld1McLfdZ9be1mfkdItZFgFXGJB85AGTp6DLNf+0S65AYqdAeQz\nCAemZzhXkHWNFb1osYy9JdoAGNZirBmao5yJd9RthA6uSwZ0+xnE11mnqJyURbsX\nbqNf8dL8w/kjnbhUPlPJHTPAptz4Ed5EjSFsyqVe1nPovVAvaFTz\n-----END RSA PRIVATE KEY-----\n",
            "content_base64": null,
            "content_disposition": "",
            "content_encoding": "",
            "content_language": "",
            "content_type": "application/octet-stream",
            "etag": "91e3480799d205d6cd2005313a4e8334",
            "force_destroy": false,
            "id": "terraform-key.pem",
            "key": "terraform-key.pem",
            "kms_key_id": null,
            "metadata": null,
            "object_lock_legal_hold_status": "",
            "object_lock_mode": "",
            "object_lock_retain_until_date": "",
            "server_side_encryption": "AES256",
            "source": null,
            "source_hash": null,
            "storage_class": "STANDARD",
            "tags": null,
            "tags_all": {},
            "version_id": "J8vAXRTVL9BfJ.GmH4rt9y0.FKxm7U1T",
            "website_redirect": ""
          },
          "sensitive_attributes": [
            [
              {
                "type": "get_attr",
                "value": "content"
              }
            ]
          ],
          "private": "bnVsbA==",
          "dependencies": [
            "tls_private_key.example_ssh_key"
          ]
        }
      ]
    },
    {
      "mode": "managed",
      "type": "aws_security_group",
      "name": "web_sg",
      "provider": "provider[\"registry.terraform.io/hashicorp/aws\"]",
      "instances": [
        {
          "schema_version": 1,
          "attributes": {
            "arn": "arn:aws:ec2:us-east-1:640168430980:security-group/sg-05890573d98751e66",
            "description": "Security group for web server and SSH access",
            "egress": [],
            "id": "sg-05890573d98751e66",
            "ingress": [],
            "name": "web-server-sg",
            "name_prefix": "",
            "owner_id": "640168430980",
            "revoke_rules_on_delete": false,
            "tags": null,
            "tags_all": {},
            "timeouts": null,
            "vpc_id": "vpc-0545ebb5f0134ecc5"
          },
          "sensitive_attributes": [],
          "private": "eyJlMmJmYjczMC1lY2FhLTExZTYtOGY4OC0zNDM2M2JjN2M0YzAiOnsiY3JlYXRlIjo2MDAwMDAwMDAwMDAsImRlbGV0ZSI6OTAwMDAwMDAwMDAwfSwic2NoZW1hX3ZlcnNpb24iOiIxIn0=",
          "dependencies": [
            "aws_vpc.tp_cloud_devops_vpc"
          ]
        }
      ]
    },
    {
      "mode": "managed",
      "type": "aws_security_group_rule",
      "name": "allow_all_outbound",
      "provider": "provider[\"registry.terraform.io/hashicorp/aws\"]",
      "instances": [
        {
          "schema_version": 2,
          "attributes": {
            "cidr_blocks": [
              "0.0.0.0/0"
            ],
            "description": null,
            "from_port": 0,
            "id": "sgrule-2085103698",
            "ipv6_cidr_blocks": null,
            "prefix_list_ids": null,
            "protocol": "-1",
            "security_group_id": "sg-05890573d98751e66",
            "security_group_rule_id": "sgr-064dab4c3b8eab464",
            "self": false,
            "source_security_group_id": null,
            "timeouts": null,
            "to_port": 0,
            "type": "egress"
          },
          "sensitive_attributes": [],
          "private": "eyJlMmJmYjczMC1lY2FhLTExZTYtOGY4OC0zNDM2M2JjN2M0YzAiOnsiY3JlYXRlIjozMDAwMDAwMDAwMDB9LCJzY2hlbWFfdmVyc2lvbiI6IjIifQ==",
          "dependencies": [
            "aws_security_group.web_sg",
            "aws_vpc.tp_cloud_devops_vpc"
          ]
        }
      ]
    },
    {
      "mode": "managed",
      "type": "aws_security_group_rule",
      "name": "allow_web_http_inbound",
      "provider": "provider[\"registry.terraform.io/hashicorp/aws\"]",
      "instances": [
        {
          "schema_version": 2,
          "attributes": {
            "cidr_blocks": [
              "0.0.0.0/0"
            ],
            "description": null,
            "from_port": 8080,
            "id": "sgrule-953762981",
            "ipv6_cidr_blocks": null,
            "prefix_list_ids": null,
            "protocol": "tcp",
            "security_group_id": "sg-05890573d98751e66",
            "security_group_rule_id": "sgr-0f09066c5228db197",
            "self": false,
            "source_security_group_id": null,
            "timeouts": null,
            "to_port": 8080,
            "type": "ingress"
          },
          "sensitive_attributes": [],
          "private": "eyJlMmJmYjczMC1lY2FhLTExZTYtOGY4OC0zNDM2M2JjN2M0YzAiOnsiY3JlYXRlIjozMDAwMDAwMDAwMDB9LCJzY2hlbWFfdmVyc2lvbiI6IjIifQ==",
          "dependencies": [
            "aws_security_group.web_sg",
            "aws_vpc.tp_cloud_devops_vpc"
          ]
        }
      ]
    },
    {
      "mode": "managed",
      "type": "aws_security_group_rule",
      "name": "allow_web_http_inbound-80",
      "provider": "provider[\"registry.terraform.io/hashicorp/aws\"]",
      "instances": [
        {
          "schema_version": 2,
          "attributes": {
            "cidr_blocks": [
              "0.0.0.0/0"
            ],
            "description": null,
            "from_port": 80,
            "id": "sgrule-809811276",
            "ipv6_cidr_blocks": null,
            "prefix_list_ids": null,
            "protocol": "tcp",
            "security_group_id": "sg-05890573d98751e66",
            "security_group_rule_id": "sgr-0139a05f021ccedd7",
            "self": false,
            "source_security_group_id": null,
            "timeouts": null,
            "to_port": 80,
            "type": "ingress"
          },
          "sensitive_attributes": [],
          "private": "eyJlMmJmYjczMC1lY2FhLTExZTYtOGY4OC0zNDM2M2JjN2M0YzAiOnsiY3JlYXRlIjozMDAwMDAwMDAwMDB9LCJzY2hlbWFfdmVyc2lvbiI6IjIifQ==",
          "dependencies": [
            "aws_security_group.web_sg",
            "aws_vpc.tp_cloud_devops_vpc"
          ]
        }
      ]
    },
    {
      "mode": "managed",
      "type": "aws_security_group_rule",
      "name": "allow_web_ssh_inbound",
      "provider": "provider[\"registry.terraform.io/hashicorp/aws\"]",
      "instances": [
        {
          "schema_version": 2,
          "attributes": {
            "cidr_blocks": [
              "0.0.0.0/0"
            ],
            "description": null,
            "from_port": 22,
            "id": "sgrule-2033262337",
            "ipv6_cidr_blocks": null,
            "prefix_list_ids": null,
            "protocol": "tcp",
            "security_group_id": "sg-05890573d98751e66",
            "security_group_rule_id": "sgr-002f4e144b362abc6",
            "self": false,
            "source_security_group_id": null,
            "timeouts": null,
            "to_port": 22,
            "type": "ingress"
          },
          "sensitive_attributes": [],
          "private": "eyJlMmJmYjczMC1lY2FhLTExZTYtOGY4OC0zNDM2M2JjN2M0YzAiOnsiY3JlYXRlIjozMDAwMDAwMDAwMDB9LCJzY2hlbWFfdmVyc2lvbiI6IjIifQ==",
          "dependencies": [
            "aws_security_group.web_sg",
            "aws_vpc.tp_cloud_devops_vpc"
          ]
        }
      ]
    },
    {
      "mode": "managed",
      "type": "aws_subnet",
      "name": "public_subnet_1",
      "provider": "provider[\"registry.terraform.io/hashicorp/aws\"]",
      "instances": [
        {
          "schema_version": 1,
          "attributes": {
            "arn": "arn:aws:ec2:us-east-1:640168430980:subnet/subnet-0d8bdb2b23b3d08f5",
            "assign_ipv6_address_on_creation": false,
            "availability_zone": "us-east-1a",
            "availability_zone_id": "use1-az6",
            "cidr_block": "10.0.1.0/24",
            "customer_owned_ipv4_pool": "",
            "enable_dns64": false,
            "enable_lni_at_device_index": 0,
            "enable_resource_name_dns_a_record_on_launch": false,
            "enable_resource_name_dns_aaaa_record_on_launch": false,
            "id": "subnet-0d8bdb2b23b3d08f5",
            "ipv6_cidr_block": "",
            "ipv6_cidr_block_association_id": "",
            "ipv6_native": false,
            "map_customer_owned_ip_on_launch": false,
            "map_public_ip_on_launch": true,
            "outpost_arn": "",
            "owner_id": "640168430980",
            "private_dns_hostname_type_on_launch": "ip-name",
            "tags": {
              "Name": "public-subnet-1"
            },
            "tags_all": {
              "Name": "public-subnet-1"
            },
            "timeouts": null,
            "vpc_id": "vpc-0545ebb5f0134ecc5"
          },
          "sensitive_attributes": [],
          "private": "eyJlMmJmYjczMC1lY2FhLTExZTYtOGY4OC0zNDM2M2JjN2M0YzAiOnsiY3JlYXRlIjo2MDAwMDAwMDAwMDAsImRlbGV0ZSI6MTIwMDAwMDAwMDAwMH0sInNjaGVtYV92ZXJzaW9uIjoiMSJ9",
          "dependencies": [
            "aws_vpc.tp_cloud_devops_vpc"
          ]
        }
      ]
    },
    {
      "mode": "managed",
      "type": "aws_vpc",
      "name": "tp_cloud_devops_vpc",
      "provider": "provider[\"registry.terraform.io/hashicorp/aws\"]",
      "instances": [
        {
          "schema_version": 1,
          "attributes": {
            "arn": "arn:aws:ec2:us-east-1:640168430980:vpc/vpc-0545ebb5f0134ecc5",
            "assign_generated_ipv6_cidr_block": false,
            "cidr_block": "10.0.0.0/16",
            "default_network_acl_id": "acl-028ab44e9f45fa88e",
            "default_route_table_id": "rtb-037054f6d9506a1b3",
            "default_security_group_id": "sg-0212cfff8b3ff2079",
            "dhcp_options_id": "dopt-0978f3cdf8a4d2e49",
            "enable_dns_hostnames": true,
            "enable_dns_support": true,
            "enable_network_address_usage_metrics": false,
            "id": "vpc-0545ebb5f0134ecc5",
            "instance_tenancy": "default",
            "ipv4_ipam_pool_id": null,
            "ipv4_netmask_length": null,
            "ipv6_association_id": "",
            "ipv6_cidr_block": "",
            "ipv6_cidr_block_network_border_group": "",
            "ipv6_ipam_pool_id": "",
            "ipv6_netmask_length": 0,
            "main_route_table_id": "rtb-037054f6d9506a1b3",
            "owner_id": "640168430980",
            "tags": {
              "Name": "tp_cloud_devops_vpc"
            },
            "tags_all": {
              "Name": "tp_cloud_devops_vpc"
            }
          },
          "sensitive_attributes": [],
          "private": "eyJzY2hlbWFfdmVyc2lvbiI6IjEifQ=="
        }
      ]
    },
    {
      "mode": "managed",
      "type": "tls_private_key",
      "name": "example_ssh_key",
      "provider": "provider[\"registry.terraform.io/hashicorp/tls\"]",
      "instances": [
        {
          "schema_version": 1,
          "attributes": {
            "algorithm": "RSA",
            "ecdsa_curve": "P224",
            "id": "b00c18d2b887e72ef331d693eb5a31104c3d603b",
            "private_key_openssh": "-----BEGIN OPENSSH PRIVATE KEY-----\nb3BlbnNzaC1rZXktdjEAAAAABG5vbmUAAAAEbm9uZQAAAAAAAAABAAABFwAAAAdz\nc2gtcnNhAAAAAwEAAQAAAQEAsFyu8xvijhKj4HTMUt+jkxy+mU7qRMN7tBAvhQ3S\nSKb+X9Yz+FnHr45AoPSG1obBM4/tA9r3GUo0LapKUbiXgytle8Nt3L0JkBPs/Ikr\nAGkgBy4UAmdyPyZ66KmK215ImXuvz8zuwvONlklJKd+wM7sF2c0zOb+obUpv/9Xd\nr5q282SsW600h3optk/6OY8FlZ/VgvMc/NFddrqVDF5pVWVIEU6Yhh68zocCHDc8\nlvpelEAnJ4uH473n1bh0UbJhMP5rZfs8VkCuARksPtRBg6kkjHi2hwMP93JpsezZ\n1VySv3v80LcRw61CxYGbOthRFOe/ZnyzDvxQZEzuWcwKzQAAA7gvu9cfL7vXHwAA\nAAdzc2gtcnNhAAABAQCwXK7zG+KOEqPgdMxS36OTHL6ZTupEw3u0EC+FDdJIpv5f\n1jP4WcevjkCg9IbWhsEzj+0D2vcZSjQtqkpRuJeDK2V7w23cvQmQE+z8iSsAaSAH\nLhQCZ3I/JnroqYrbXkiZe6/PzO7C842WSUkp37AzuwXZzTM5v6htSm//1d2vmrbz\nZKxbrTSHeim2T/o5jwWVn9WC8xz80V12upUMXmlVZUgRTpiGHrzOhwIcNzyW+l6U\nQCcni4fjvefVuHRRsmEw/mtl+zxWQK4BGSw+1EGDqSSMeLaHAw/3cmmx7NnVXJK/\ne/zQtxHDrULFgZs62FEU579mfLMO/FBkTO5ZzArNAAAAAwEAAQAAAQA/7vmFLCCv\nPFaoMe84Q9Z6qDr4PMF0eCFKH2v6og4PRGqGt5JTf8iB/eGz97FB58v2M0DK2wAk\n7N+Jhmg2w+I5LOw3N5uGIAltb6vDyL4MAhAYSj36uSGTfxGjcoLiD4XmDg6oGDSd\n+8jiKGMbiPnJZw0x7c+aKb6XEBsV9aPN2oBC2H1215WtOSPdvIcln6LbKAdsT2Sw\nSZeSgAc56HFNYrbDdztcsAZAgWUPe6d3Z73aSkIW4tb5Tbs4khL1LO0GxIVNO9ut\n/BvGYsVtGAGrIBoUn4kdzs1kX0LK0jPN/cJV9fpfDaK/JZRqw9nvjDd0mtWjcFf5\njrpvsDAo0qFBAAAAgAe6cld1McLfdZ9be1mfkdItZFgFXGJB85AGTp6DLNf+0S65\nAYqdAeQzCAemZzhXkHWNFb1osYy9JdoAGNZirBmao5yJd9RthA6uSwZ0+xnE11mn\nqJyURbsXbqNf8dL8w/kjnbhUPlPJHTPAptz4Ed5EjSFsyqVe1nPovVAvaFTzAAAA\ngQDOC/jc6f1Z0GadEMrLO9+tL4RKac9qAhJq1ww1FPrgo8P4taZwCMzvyZKPQ7Wz\nK4ZFeaucI0sfywXeiZBxs8W55uHM/qB7bOOa9y0B6TxIBOrKGwtxpfQT/s8aMjx2\n5ceRRXDhQ/Ozl6cXUL+f2ijcFWod+976TwZvoDycW9UVeQAAAIEA2x5d/jdWiv2a\nULnyLVn6VhsflrBUdRxtL6d3GbZEL7EMTqqeUniVwu2OAGcDPWY0JM40HxQlXLHZ\noMuSPQb2pppqEi0nwUIRejJCabze0yp2JUqYwtP/7dJFUM//XODIDkJf7WYZ6tiZ\nG0+Z/3qQ6LHMLhMT3ltVPVfJYJIo7vUAAAAAAQID\n-----END OPENSSH PRIVATE KEY-----\n",
            "private_key_pem": "-----BEGIN RSA PRIVATE KEY-----\nMIIEowIBAAKCAQEAsFyu8xvijhKj4HTMUt+jkxy+mU7qRMN7tBAvhQ3SSKb+X9Yz\n+FnHr45AoPSG1obBM4/tA9r3GUo0LapKUbiXgytle8Nt3L0JkBPs/IkrAGkgBy4U\nAmdyPyZ66KmK215ImXuvz8zuwvONlklJKd+wM7sF2c0zOb+obUpv/9Xdr5q282Ss\nW600h3optk/6OY8FlZ/VgvMc/NFddrqVDF5pVWVIEU6Yhh68zocCHDc8lvpelEAn\nJ4uH473n1bh0UbJhMP5rZfs8VkCuARksPtRBg6kkjHi2hwMP93JpsezZ1VySv3v8\n0LcRw61CxYGbOthRFOe/ZnyzDvxQZEzuWcwKzQIDAQABAoIBAD/u+YUsIK88Vqgx\n7zhD1nqoOvg8wXR4IUofa/qiDg9Eaoa3klN/yIH94bP3sUHny/YzQMrbACTs34mG\naDbD4jks7Dc3m4YgCW1vq8PIvgwCEBhKPfq5IZN/EaNyguIPheYODqgYNJ37yOIo\nYxuI+clnDTHtz5opvpcQGxX1o83agELYfXbXla05I928hyWfotsoB2xPZLBJl5KA\nBznocU1itsN3O1ywBkCBZQ97p3dnvdpKQhbi1vlNuziSEvUs7QbEhU072638G8Zi\nxW0YAasgGhSfiR3OzWRfQsrSM839wlX1+l8Nor8llGrD2e+MN3Sa1aNwV/mOum+w\nMCjSoUECgYEAzgv43On9WdBmnRDKyzvfrS+ESmnPagISatcMNRT64KPD+LWmcAjM\n78mSj0O1syuGRXmrnCNLH8sF3omQcbPFuebhzP6ge2zjmvctAek8SATqyhsLcaX0\nE/7PGjI8duXHkUVw4UPzs5enF1C/n9oo3BVqHfve+k8Gb6A8nFvVFXkCgYEA2x5d\n/jdWiv2aULnyLVn6VhsflrBUdRxtL6d3GbZEL7EMTqqeUniVwu2OAGcDPWY0JM40\nHxQlXLHZoMuSPQb2pppqEi0nwUIRejJCabze0yp2JUqYwtP/7dJFUM//XODIDkJf\n7WYZ6tiZG0+Z/3qQ6LHMLhMT3ltVPVfJYJIo7vUCgYEAyZ67cWhh6f3cOztQRVic\nQjpp5+rr9B586SDvKA4Ug7acMAWIDL7/0m/bQucNqHohlGA/hbSfcUfXwW+48Rnp\nlESRlWdfoAboHR5bYzBYNVziZsvaAeZTFTHUdBzOP8YO518c2sEEeisebNkt+Xyf\nWOR3h0mMYkDr2lTgmlveAXkCgYAvrWfeTMQz8gKF1i/v1kg2PCifbTazVMAdQl8T\n5SjpB6kZ5N4WK87KX04qoD+AOKDX8VY9/PA0Py6PYjwrszwv/CFgWxrvXiTXZeA1\nibciU3bpnlWm7uIdKUeT0e5Kk050a9Tbnv+8reyCmMt1X4HwX9+Blv0XwN/HPTbA\nII1vkQKBgAe6cld1McLfdZ9be1mfkdItZFgFXGJB85AGTp6DLNf+0S65AYqdAeQz\nCAemZzhXkHWNFb1osYy9JdoAGNZirBmao5yJd9RthA6uSwZ0+xnE11mnqJyURbsX\nbqNf8dL8w/kjnbhUPlPJHTPAptz4Ed5EjSFsyqVe1nPovVAvaFTz\n-----END RSA PRIVATE KEY-----\n",
            "private_key_pem_pkcs8": "-----BEGIN PRIVATE KEY-----\nMIIEvQIBADANBgkqhkiG9w0BAQEFAASCBKcwggSjAgEAAoIBAQCwXK7zG+KOEqPg\ndMxS36OTHL6ZTupEw3u0EC+FDdJIpv5f1jP4WcevjkCg9IbWhsEzj+0D2vcZSjQt\nqkpRuJeDK2V7w23cvQmQE+z8iSsAaSAHLhQCZ3I/JnroqYrbXkiZe6/PzO7C842W\nSUkp37AzuwXZzTM5v6htSm//1d2vmrbzZKxbrTSHeim2T/o5jwWVn9WC8xz80V12\nupUMXmlVZUgRTpiGHrzOhwIcNzyW+l6UQCcni4fjvefVuHRRsmEw/mtl+zxWQK4B\nGSw+1EGDqSSMeLaHAw/3cmmx7NnVXJK/e/zQtxHDrULFgZs62FEU579mfLMO/FBk\nTO5ZzArNAgMBAAECggEAP+75hSwgrzxWqDHvOEPWeqg6+DzBdHghSh9r+qIOD0Rq\nhreSU3/Igf3hs/exQefL9jNAytsAJOzfiYZoNsPiOSzsNzebhiAJbW+rw8i+DAIQ\nGEo9+rkhk38Ro3KC4g+F5g4OqBg0nfvI4ihjG4j5yWcNMe3Pmim+lxAbFfWjzdqA\nQth9dteVrTkj3byHJZ+i2ygHbE9ksEmXkoAHOehxTWK2w3c7XLAGQIFlD3und2e9\n2kpCFuLW+U27OJIS9SztBsSFTTvbrfwbxmLFbRgBqyAaFJ+JHc7NZF9CytIzzf3C\nVfX6Xw2ivyWUasPZ74w3dJrVo3BX+Y66b7AwKNKhQQKBgQDOC/jc6f1Z0GadEMrL\nO9+tL4RKac9qAhJq1ww1FPrgo8P4taZwCMzvyZKPQ7WzK4ZFeaucI0sfywXeiZBx\ns8W55uHM/qB7bOOa9y0B6TxIBOrKGwtxpfQT/s8aMjx25ceRRXDhQ/Ozl6cXUL+f\n2ijcFWod+976TwZvoDycW9UVeQKBgQDbHl3+N1aK/ZpQufItWfpWGx+WsFR1HG0v\np3cZtkQvsQxOqp5SeJXC7Y4AZwM9ZjQkzjQfFCVcsdmgy5I9BvammmoSLSfBQhF6\nMkJpvN7TKnYlSpjC0//t0kVQz/9c4MgOQl/tZhnq2JkbT5n/epDoscwuExPeW1U9\nV8lgkiju9QKBgQDJnrtxaGHp/dw7O1BFWJxCOmnn6uv0HnzpIO8oDhSDtpwwBYgM\nvv/Sb9tC5w2oeiGUYD+FtJ9xR9fBb7jxGemURJGVZ1+gBugdHltjMFg1XOJmy9oB\n5lMVMdR0HM4/xg7nXxzawQR6Kx5s2S35fJ9Y5HeHSYxiQOvaVOCaW94BeQKBgC+t\nZ95MxDPyAoXWL+/WSDY8KJ9tNrNUwB1CXxPlKOkHqRnk3hYrzspfTiqgP4A4oNfx\nVj388DQ/Lo9iPCuzPC/8IWBbGu9eJNdl4DWJtyJTdumeVabu4h0pR5PR7kqTTnRr\n1Nue/7yt7IKYy3VfgfBf34GW/RfA38c9NsAgjW+RAoGAB7pyV3Uxwt91n1t7WZ+R\n0i1kWAVcYkHzkAZOnoMs1/7RLrkBip0B5DMIB6ZnOFeQdY0VvWixjL0l2gAY1mKs\nGZqjnIl31G2EDq5LBnT7GcTXWaeonJRFuxduo1/x0vzD+SOduFQ+U8kdM8Cm3PgR\n3kSNIWzKpV7Wc+i9UC9oVPM=\n-----END PRIVATE KEY-----\n",
            "public_key_fingerprint_md5": "8c:7c:8c:51:fa:a6:81:ba:34:eb:df:8e:3f:6f:58:dd",
            "public_key_fingerprint_sha256": "SHA256:J0RPNkrAiIFl5YJnCJnjuUttCKQUNC9BIo+9BMmfgls",
            "public_key_openssh": "ssh-rsa AAAAB3NzaC1yc2EAAAADAQABAAABAQCwXK7zG+KOEqPgdMxS36OTHL6ZTupEw3u0EC+FDdJIpv5f1jP4WcevjkCg9IbWhsEzj+0D2vcZSjQtqkpRuJeDK2V7w23cvQmQE+z8iSsAaSAHLhQCZ3I/JnroqYrbXkiZe6/PzO7C842WSUkp37AzuwXZzTM5v6htSm//1d2vmrbzZKxbrTSHeim2T/o5jwWVn9WC8xz80V12upUMXmlVZUgRTpiGHrzOhwIcNzyW+l6UQCcni4fjvefVuHRRsmEw/mtl+zxWQK4BGSw+1EGDqSSMeLaHAw/3cmmx7NnVXJK/e/zQtxHDrULFgZs62FEU579mfLMO/FBkTO5ZzArN\n",
            "public_key_pem": "-----BEGIN PUBLIC KEY-----\nMIIBIjANBgkqhkiG9w0BAQEFAAOCAQ8AMIIBCgKCAQEAsFyu8xvijhKj4HTMUt+j\nkxy+mU7qRMN7tBAvhQ3SSKb+X9Yz+FnHr45AoPSG1obBM4/tA9r3GUo0LapKUbiX\ngytle8Nt3L0JkBPs/IkrAGkgBy4UAmdyPyZ66KmK215ImXuvz8zuwvONlklJKd+w\nM7sF2c0zOb+obUpv/9Xdr5q282SsW600h3optk/6OY8FlZ/VgvMc/NFddrqVDF5p\nVWVIEU6Yhh68zocCHDc8lvpelEAnJ4uH473n1bh0UbJhMP5rZfs8VkCuARksPtRB\ng6kkjHi2hwMP93JpsezZ1VySv3v80LcRw61CxYGbOthRFOe/ZnyzDvxQZEzuWcwK\nzQIDAQAB\n-----END PUBLIC KEY-----\n",
            "rsa_bits": 2048
          },
          "sensitive_attributes": [
            [
              {
                "type": "get_attr",
                "value": "private_key_pem"
              }
            ],
            [
              {
                "type": "get_attr",
                "value": "private_key_openssh"
              }
            ],
            [
              {
                "type": "get_attr",
                "value": "private_key_pem_pkcs8"
              }
            ]
          ]
        }
      ]
    }
  ],
  "check_results": null
}
